
Microsoft Visual Studio Solution File, Format Version 12.00
# Visual Studio Version 17
VisualStudioVersion = 17.12.35707.178 d17.12
MinimumVisualStudioVersion = 10.0.40219.1
Project("{2150E333-8FDC-42A3-9474-1A3956D46DE8}") = "src", "src", "{043919C4-EFE1-43D1-8465-49DF72AB8207}"
EndProject
Project("{2150E333-8FDC-42A3-9474-1A3956D46DE8}") = "tests", "tests", "{099BC805-6B9C-40DD-A6D6-1C1E804CE173}"
EndProject
Project("{FAE04EC0-301F-11D3-BF4B-00C04F79EFBC}") = "CashFlow.Api", "src\CashFlow.Api\CashFlow.Api.csproj", "{75F8BABB-2866-4A3C-92DC-DF773085BDC9}"
EndProject
Project("{FAE04EC0-301F-11D3-BF4B-00C04F79EFBC}") = "CashFlow.Application", "src\CashFlow.Application\CashFlow.Application.csproj", "{25D1B810-D50E-4ED6-9F2E-D416C7BAE754}"
EndProject
Project("{FAE04EC0-301F-11D3-BF4B-00C04F79EFBC}") = "CashFlow.Communication", "src\CashFlow.Communication\CashFlow.Communication.csproj", "{AF9AB84D-22E4-42F1-9448-E89C75C3D1AF}"
EndProject
Project("{FAE04EC0-301F-11D3-BF4B-00C04F79EFBC}") = "CashFlow.Exception", "src\CashFlow.Exception\CashFlow.Exception.csproj", "{9BFD0D03-05E1-4C4E-A409-85C9BA0358A5}"
EndProject
Project("{FAE04EC0-301F-11D3-BF4B-00C04F79EFBC}") = "CashFlow.Infrastructure", "src\CashFlow.Infrastructure\CashFlow.Infrastructure.csproj", "{DC1BC965-CA5D-4A80-9D00-FD53DA503521}"
EndProject
Project("{FAE04EC0-301F-11D3-BF4B-00C04F79EFBC}") = "CashFlow.Domain", "src\CashFlow.Domain\CashFlow.Domain.csproj", "{9E676A7D-5344-49FC-A8E9-DCDD4C574658}"
EndProject
Project("{FAE04EC0-301F-11D3-BF4B-00C04F79EFBC}") = "Validators.Tests", "tests\Validators.Tests\Validators.Tests.csproj", "{40AF3439-9FDA-4E75-99AA-694D2DF0A9C1}"
EndProject
Project("{FAE04EC0-301F-11D3-BF4B-00C04F79EFBC}") = "CommonTestUtilities", "tests\CommonTestUtilities\CommonTestUtilities.csproj", "{51913694-B7F8-41D0-ABAE-6043904C23C2}"
EndProject
Global
	GlobalSection(SolutionConfigurationPlatforms) = preSolution
		Debug|Any CPU = Debug|Any CPU
		Release|Any CPU = Release|Any CPU
	EndGlobalSection
	GlobalSection(ProjectConfigurationPlatforms) = postSolution
		{75F8BABB-2866-4A3C-92DC-DF773085BDC9}.Debug|Any CPU.ActiveCfg = Debug|Any CPU
		{75F8BABB-2866-4A3C-92DC-DF773085BDC9}.Debug|Any CPU.Build.0 = Debug|Any CPU
		{75F8BABB-2866-4A3C-92DC-DF773085BDC9}.Release|Any CPU.ActiveCfg = Release|Any CPU
		{75F8BABB-2866-4A3C-92DC-DF773085BDC9}.Release|Any CPU.Build.0 = Release|Any CPU
		{25D1B810-D50E-4ED6-9F2E-D416C7BAE754}.Debug|Any CPU.ActiveCfg = Debug|Any CPU
		{25D1B810-D50E-4ED6-9F2E-D416C7BAE754}.Debug|Any CPU.Build.0 = Debug|Any CPU
		{25D1B810-D50E-4ED6-9F2E-D416C7BAE754}.Release|Any CPU.ActiveCfg = Release|Any CPU
		{25D1B810-D50E-4ED6-9F2E-D416C7BAE754}.Release|Any CPU.Build.0 = Release|Any CPU
		{AF9AB84D-22E4-42F1-9448-E89C75C3D1AF}.Debug|Any CPU.ActiveCfg = Debug|Any CPU
		{AF9AB84D-22E4-42F1-9448-E89C75C3D1AF}.Debug|Any CPU.Build.0 = Debug|Any CPU
		{AF9AB84D-22E4-42F1-9448-E89C75C3D1AF}.Release|Any CPU.ActiveCfg = Release|Any CPU
		{AF9AB84D-22E4-42F1-9448-E89C75C3D1AF}.Release|Any CPU.Build.0 = Release|Any CPU
		{9BFD0D03-05E1-4C4E-A409-85C9BA0358A5}.Debug|Any CPU.ActiveCfg = Debug|Any CPU
		{9BFD0D03-05E1-4C4E-A409-85C9BA0358A5}.Debug|Any CPU.Build.0 = Debug|Any CPU
		{9BFD0D03-05E1-4C4E-A409-85C9BA0358A5}.Release|Any CPU.ActiveCfg = Release|Any CPU
		{9BFD0D03-05E1-4C4E-A409-85C9BA0358A5}.Release|Any CPU.Build.0 = Release|Any CPU
		{DC1BC965-CA5D-4A80-9D00-FD53DA503521}.Debug|Any CPU.ActiveCfg = Debug|Any CPU
		{DC1BC965-CA5D-4A80-9D00-FD53DA503521}.Debug|Any CPU.Build.0 = Debug|Any CPU
		{DC1BC965-CA5D-4A80-9D00-FD53DA503521}.Release|Any CPU.ActiveCfg = Release|Any CPU
		{DC1BC965-CA5D-4A80-9D00-FD53DA503521}.Release|Any CPU.Build.0 = Release|Any CPU
		{9E676A7D-5344-49FC-A8E9-DCDD4C574658}.Debug|Any CPU.ActiveCfg = Debug|Any CPU
		{9E676A7D-5344-49FC-A8E9-DCDD4C574658}.Debug|Any CPU.Build.0 = Debug|Any CPU
		{9E676A7D-5344-49FC-A8E9-DCDD4C574658}.Release|Any CPU.ActiveCfg = Release|Any CPU
		{9E676A7D-5344-49FC-A8E9-DCDD4C574658}.Release|Any CPU.Build.0 = Release|Any CPU
		{40AF3439-9FDA-4E75-99AA-694D2DF0A9C1}.Debug|Any CPU.ActiveCfg = Debug|Any CPU
		{40AF3439-9FDA-4E75-99AA-694D2DF0A9C1}.Debug|Any CPU.Build.0 = Debug|Any CPU
		{40AF3439-9FDA-4E75-99AA-694D2DF0A9C1}.Release|Any CPU.ActiveCfg = Release|Any CPU
		{40AF3439-9FDA-4E75-99AA-694D2DF0A9C1}.Release|Any CPU.Build.0 = Release|Any CPU
		{51913694-B7F8-41D0-ABAE-6043904C23C2}.Debug|Any CPU.ActiveCfg = Debug|Any CPU
		{51913694-B7F8-41D0-ABAE-6043904C23C2}.Debug|Any CPU.Build.0 = Debug|Any CPU
		{51913694-B7F8-41D0-ABAE-6043904C23C2}.Release|Any CPU.ActiveCfg = Release|Any CPU
		{51913694-B7F8-41D0-ABAE-6043904C23C2}.Release|Any CPU.Build.0 = Release|Any CPU
	EndGlobalSection
	GlobalSection(SolutionProperties) = preSolution
		HideSolutionNode = FALSE
	EndGlobalSection
	GlobalSection(NestedProjects) = preSolution
		{75F8BABB-2866-4A3C-92DC-DF773085BDC9} = {043919C4-EFE1-43D1-8465-49DF72AB8207}
		{25D1B810-D50E-4ED6-9F2E-D416C7BAE754} = {043919C4-EFE1-43D1-8465-49DF72AB8207}
		{AF9AB84D-22E4-42F1-9448-E89C75C3D1AF} = {043919C4-EFE1-43D1-8465-49DF72AB8207}
		{9BFD0D03-05E1-4C4E-A409-85C9BA0358A5} = {043919C4-EFE1-43D1-8465-49DF72AB8207}
		{DC1BC965-CA5D-4A80-9D00-FD53DA503521} = {043919C4-EFE1-43D1-8465-49DF72AB8207}
		{9E676A7D-5344-49FC-A8E9-DCDD4C574658} = {043919C4-EFE1-43D1-8465-49DF72AB8207}
		{40AF3439-9FDA-4E75-99AA-694D2DF0A9C1} = {099BC805-6B9C-40DD-A6D6-1C1E804CE173}
		{51913694-B7F8-41D0-ABAE-6043904C23C2} = {099BC805-6B9C-40DD-A6D6-1C1E804CE173}
	EndGlobalSection
EndGlobal
